# THIS IS AN AUTOGENERATED FILE. DO NOT EDIT THIS FILE DIRECTLY.
# yarn lockfile v1


ansicolors@~0.2.1:
  version "0.2.1"
  resolved "https://registry.yarnpkg.com/ansicolors/-/ansicolors-0.2.1.tgz#be089599097b74a5c9c4a84a0cdbcdb62bd87aef"
  integrity sha1-vgiVmQl7dKXJxKhKDNvNtivYeu8=

async@^2.6.0:
  version "2.6.3"
  resolved "https://registry.yarnpkg.com/async/-/async-2.6.3.tgz#d72625e2344a3656e3a3ad4fa749fa83299d82ff"
  integrity sha512-zflvls11DCy+dQWzTW2dzuilv8Z5X/pjfmZOWba6TNIVDm+2UDaJmXSOXlasHKfNBs8oo3M0aT50fDEWfKZjXg==
  dependencies:
    lodash "^4.17.14"

cardinal@^1.0.0:
  version "1.0.0"
  resolved "https://registry.yarnpkg.com/cardinal/-/cardinal-1.0.0.tgz#50e21c1b0aa37729f9377def196b5a9cec932ee9"
  integrity sha1-UOIcGwqjdyn5N33vGWtanOyTLuk=
  dependencies:
    ansicolors "~0.2.1"
    redeyed "~1.0.0"

csv-parse@^4.6.5:
  version "4.16.0"
  resolved "https://registry.yarnpkg.com/csv-parse/-/csv-parse-4.16.0.tgz#b4c875e288a41f7ff917cb0d7d45880d563034f6"
  integrity sha512-Zb4tGPANH4SW0LgC9+s9Mnequs9aqn7N3/pCqNbVjs2XhEF6yWNU2Vm4OGl1v2Go9nw8rXt87Cm2QN/o6Vpqgg==

esprima@~3.0.0:
  version "3.0.0"
  resolved "https://registry.yarnpkg.com/esprima/-/esprima-3.0.0.tgz#53cf247acda77313e551c3aa2e73342d3fb4f7d9"
  integrity sha1-U88kes2ncxPlUcOqLnM0LT+099k=

humanize@^0.0.9:
  version "0.0.9"
  resolved "https://registry.yarnpkg.com/humanize/-/humanize-0.0.9.tgz#1994ffaecdfe9c441ed2bdac7452b7bb4c9e41a4"
  integrity sha1-GZT/rs3+nEQe0r2sdFK3u0yeQaQ=

lodash@^4.17.14:
  version "4.17.21"
  resolved "https://registry.yarnpkg.com/lodash/-/lodash-4.17.21.tgz#679591c564c3bffaae8454cf0b3df370c3d6911c"
  integrity sha512-v2kDEe57lecTulaDIuNTPy3Ry4gLGJ6Z1O3vE1krgXZNrsQ+LFTGHVxVjcXPs17LhbZVGedAJv8XZ1tvj5FvSg==

microplugin@0.0.3:
  version "0.0.3"
  resolved "https://registry.yarnpkg.com/microplugin/-/microplugin-0.0.3.tgz#1fc2e1bb7c9e19e82bd84bba9137bbe71250d8cd"
  integrity sha1-H8Lhu3yeGegr2Eu6kTe75xJQ2M0=

minimist@~0.0.1:
  version "0.0.10"
  resolved "https://registry.yarnpkg.com/minimist/-/minimist-0.0.10.tgz#de3f98543dbf96082be48ad1a0c7cda836301dcf"
  integrity sha1-3j+YVD2/lggr5IrRoMfNqDYwHc8=

optimist@^0.6.1:
  version "0.6.1"
  resolved "https://registry.yarnpkg.com/optimist/-/optimist-0.6.1.tgz#da3ea74686fa21a19a111c326e90eb15a0196686"
  integrity sha1-2j6nRob6IaGaERwybpDrFaAZZoY=
  dependencies:
    minimist "~0.0.1"
    wordwrap "~0.0.2"

redeyed@~1.0.0:
  version "1.0.1"
  resolved "https://registry.yarnpkg.com/redeyed/-/redeyed-1.0.1.tgz#e96c193b40c0816b00aec842698e61185e55498a"
  integrity sha1-6WwZO0DAgWsArshCaY5hGF5VSYo=
  dependencies:
    esprima "~3.0.0"

selectize@^0.12.6:
  version "0.12.6"
  resolved "https://registry.yarnpkg.com/selectize/-/selectize-0.12.6.tgz#c2cf08cbaa4cb06c5e99bb452919d71b080690d6"
  integrity sha512-bWO5A7G+I8+QXyjLfQUgh31VI4WKYagUZQxAXlDyUmDDNrFxrASV0W9hxCOl0XJ/XQ1dZEu3G9HjXV4Wj0yb6w==
  dependencies:
    microplugin "0.0.3"
    sifter "^0.5.1"

sifter@^0.5.1:
  version "0.5.4"
  resolved "https://registry.yarnpkg.com/sifter/-/sifter-0.5.4.tgz#3cb9e514889edfc887d8d87a355841b01ebdd1ab"
  integrity sha512-t2yxTi/MM/ESup7XH5oMu8PUcttlekt269RqxARgnvS+7D/oP6RyA1x3M/5w8dG9OgkOyQ8hNRWelQ8Rj4TAQQ==
  dependencies:
    async "^2.6.0"
    cardinal "^1.0.0"
    csv-parse "^4.6.5"
    humanize "^0.0.9"
    optimist "^0.6.1"

wordwrap@~0.0.2:
  version "0.0.3"
  resolved "https://registry.yarnpkg.com/wordwrap/-/wordwrap-0.0.3.tgz#a3d5da6cd5c0bc0008d37234bbaf1bed63059107"
  integrity sha1-o9XabNXAvAAI03I0u68b7WMFkQc=
